
Microsoft Visual Studio Solution File, Format Version 12.00
# Visual Studio Version 17
VisualStudioVersion = 17.4.33103.184
MinimumVisualStudioVersion = 10.0.40219.1
Project("{FAE04EC0-301F-11D3-BF4B-00C04F79EFBC}") = "Pokedex", "Pokedex\Pokedex.csproj", "{A0F43D09-9F3D-4489-8008-1B44DCE97E4A}"
EndProject
Global
	GlobalSection(SolutionConfigurationPlatforms) = preSolution
		Debug|Any CPU = Debug|Any CPU
		Release|Any CPU = Release|Any CPU
	EndGlobalSection
	GlobalSection(ProjectConfigurationPlatforms) = postSolution
		{A0F43D09-9F3D-4489-8008-1B44DCE97E4A}.Debug|Any CPU.ActiveCfg = Debug|Any CPU
		{A0F43D09-9F3D-4489-8008-1B44DCE97E4A}.Debug|Any CPU.Build.0 = Debug|Any CPU
		{A0F43D09-9F3D-4489-8008-1B44DCE97E4A}.Release|Any CPU.ActiveCfg = Release|Any CPU
		{A0F43D09-9F3D-4489-8008-1B44DCE97E4A}.Release|Any CPU.Build.0 = Release|Any CPU
	EndGlobalSection
	GlobalSection(SolutionProperties) = preSolution
		HideSolutionNode = FALSE
	EndGlobalSection
	GlobalSection(ExtensibilityGlobals) = postSolution
		SolutionGuid = {E42C2DDA-64C4-4A10-8F9D-53949673E4F6}
	EndGlobalSection
EndGlobal
