
Microsoft Visual Studio Solution File, Format Version 12.00
# Visual Studio Version 17
VisualStudioVersion = 17.3.32922.545
MinimumVisualStudioVersion = 10.0.40219.1
Project("{FAE04EC0-301F-11D3-BF4B-00C04F79EFBC}") = "Valami", "Valami\Valami.csproj", "{DEAE5CBB-394A-4D04-AD38-4C04E0E44EFB}"
EndProject
Global
	GlobalSection(SolutionConfigurationPlatforms) = preSolution
		Debug|Any CPU = Debug|Any CPU
		Release|Any CPU = Release|Any CPU
	EndGlobalSection
	GlobalSection(ProjectConfigurationPlatforms) = postSolution
		{DEAE5CBB-394A-4D04-AD38-4C04E0E44EFB}.Debug|Any CPU.ActiveCfg = Debug|Any CPU
		{DEAE5CBB-394A-4D04-AD38-4C04E0E44EFB}.Debug|Any CPU.Build.0 = Debug|Any CPU
		{DEAE5CBB-394A-4D04-AD38-4C04E0E44EFB}.Release|Any CPU.ActiveCfg = Release|Any CPU
		{DEAE5CBB-394A-4D04-AD38-4C04E0E44EFB}.Release|Any CPU.Build.0 = Release|Any CPU
	EndGlobalSection
	GlobalSection(SolutionProperties) = preSolution
		HideSolutionNode = FALSE
	EndGlobalSection
	GlobalSection(ExtensibilityGlobals) = postSolution
		SolutionGuid = {AC48BEA1-2BCA-421F-BB75-767A05085C73}
	EndGlobalSection
EndGlobal
